{
  "name": "FirstTask",
  "lockfileVersion": 3,
  "requires": true,
  "packages": {
    "": {
      "dependencies": {
        "@total-typescript/helpers": "^0.0.1"
      }
    },
    "node_modules/@total-typescript/helpers": {
      "version": "0.0.1",
      "resolved": "https://registry.npmjs.org/@total-typescript/helpers/-/helpers-0.0.1.tgz",
      "integrity": "sha512-90WHVlI4zDtfS9te1zZbvc69JFDv1SwsQqyc++7IP9HKhpRd/psMt6EhT0gxDqGgI0P+4z8tnjvCrUZCjn97gg==",
      "license": "MIT"
    }
  }
}
